
Microsoft Visual Studio Solution File, Format Version 12.00
# Visual Studio Version 17
VisualStudioVersion = 17.0.32112.339
MinimumVisualStudioVersion = 10.0.40219.1
Project("{FAE04EC0-301F-11D3-BF4B-00C04F79EFBC}") = "ConsultaCNPJ", "ConsultaCNPJ\ConsultaCNPJ.csproj", "{3B40770E-52B8-46E8-8DA1-49A998D0696A}"
EndProject
Global
	GlobalSection(SolutionConfigurationPlatforms) = preSolution
		Debug|Any CPU = Debug|Any CPU
		Release|Any CPU = Release|Any CPU
	EndGlobalSection
	GlobalSection(ProjectConfigurationPlatforms) = postSolution
		{3B40770E-52B8-46E8-8DA1-49A998D0696A}.Debug|Any CPU.ActiveCfg = Debug|Any CPU
		{3B40770E-52B8-46E8-8DA1-49A998D0696A}.Debug|Any CPU.Build.0 = Debug|Any CPU
		{3B40770E-52B8-46E8-8DA1-49A998D0696A}.Release|Any CPU.ActiveCfg = Release|Any CPU
		{3B40770E-52B8-46E8-8DA1-49A998D0696A}.Release|Any CPU.Build.0 = Release|Any CPU
	EndGlobalSection
	GlobalSection(SolutionProperties) = preSolution
		HideSolutionNode = FALSE
	EndGlobalSection
	GlobalSection(ExtensibilityGlobals) = postSolution
		SolutionGuid = {C7257028-F395-430A-B429-8FDCBC0548E0}
	EndGlobalSection
EndGlobal
